
Microsoft Visual Studio Solution File, Format Version 12.00
# Visual Studio Version 17
VisualStudioVersion = 17.6.33801.468
MinimumVisualStudioVersion = 10.0.40219.1
Project("{FAE04EC0-301F-11D3-BF4B-00C04F79EFBC}") = "GetInRangeLocation", "GetInRangeLocation\GetInRangeLocation.csproj", "{3A52A432-A3EF-4E86-8424-80C9B9C9177E}"
EndProject
Global
	GlobalSection(SolutionConfigurationPlatforms) = preSolution
		Debug|Any CPU = Debug|Any CPU
		Release|Any CPU = Release|Any CPU
	EndGlobalSection
	GlobalSection(ProjectConfigurationPlatforms) = postSolution
		{3A52A432-A3EF-4E86-8424-80C9B9C9177E}.Debug|Any CPU.ActiveCfg = Debug|Any CPU
		{3A52A432-A3EF-4E86-8424-80C9B9C9177E}.Debug|Any CPU.Build.0 = Debug|Any CPU
		{3A52A432-A3EF-4E86-8424-80C9B9C9177E}.Release|Any CPU.ActiveCfg = Release|Any CPU
		{3A52A432-A3EF-4E86-8424-80C9B9C9177E}.Release|Any CPU.Build.0 = Release|Any CPU
	EndGlobalSection
	GlobalSection(SolutionProperties) = preSolution
		HideSolutionNode = FALSE
	EndGlobalSection
	GlobalSection(ExtensibilityGlobals) = postSolution
		SolutionGuid = {2925BE6B-71ED-4C04-B4AE-291AEE3A552A}
	EndGlobalSection
EndGlobal
