
Microsoft Visual Studio Solution File, Format Version 12.00
# Visual Studio Version 16
VisualStudioVersion = 16.0.32002.261
MinimumVisualStudioVersion = 10.0.40219.1
Project("{FAE04EC0-301F-11D3-BF4B-00C04F79EFBC}") = "PrintMaster", "PrintMaster\PrintMaster.csproj", "{C2B0134A-B5B6-429B-A344-BF0B97935558}"
EndProject
Global
	GlobalSection(SolutionConfigurationPlatforms) = preSolution
		Debug|Any CPU = Debug|Any CPU
		Release|Any CPU = Release|Any CPU
	EndGlobalSection
	GlobalSection(ProjectConfigurationPlatforms) = postSolution
		{C2B0134A-B5B6-429B-A344-BF0B97935558}.Debug|Any CPU.ActiveCfg = Debug|Any CPU
		{C2B0134A-B5B6-429B-A344-BF0B97935558}.Debug|Any CPU.Build.0 = Debug|Any CPU
		{C2B0134A-B5B6-429B-A344-BF0B97935558}.Release|Any CPU.ActiveCfg = Release|Any CPU
		{C2B0134A-B5B6-429B-A344-BF0B97935558}.Release|Any CPU.Build.0 = Release|Any CPU
	EndGlobalSection
	GlobalSection(SolutionProperties) = preSolution
		HideSolutionNode = FALSE
	EndGlobalSection
	GlobalSection(ExtensibilityGlobals) = postSolution
		SolutionGuid = {390C8DBC-1A80-4996-9D76-03E2F99C3AD0}
	EndGlobalSection
EndGlobal
